
Microsoft Visual Studio Solution File, Format Version 12.00
# Visual Studio Version 17
VisualStudioVersion = 17.10.35122.118
MinimumVisualStudioVersion = 10.0.40219.1
Project("{FAE04EC0-301F-11D3-BF4B-00C04F79EFBC}") = "GithubBadges", "GithubBadges\GithubBadges.csproj", "{9473BDD7-D3FC-429E-B677-386F46C9667A}"
EndProject
Global
	GlobalSection(SolutionConfigurationPlatforms) = preSolution
		Debug|Any CPU = Debug|Any CPU
		Release|Any CPU = Release|Any CPU
	EndGlobalSection
	GlobalSection(ProjectConfigurationPlatforms) = postSolution
		{9473BDD7-D3FC-429E-B677-386F46C9667A}.Debug|Any CPU.ActiveCfg = Debug|Any CPU
		{9473BDD7-D3FC-429E-B677-386F46C9667A}.Debug|Any CPU.Build.0 = Debug|Any CPU
		{9473BDD7-D3FC-429E-B677-386F46C9667A}.Release|Any CPU.ActiveCfg = Release|Any CPU
		{9473BDD7-D3FC-429E-B677-386F46C9667A}.Release|Any CPU.Build.0 = Release|Any CPU
	EndGlobalSection
	GlobalSection(SolutionProperties) = preSolution
		HideSolutionNode = FALSE
	EndGlobalSection
	GlobalSection(ExtensibilityGlobals) = postSolution
		SolutionGuid = {008FFD0C-E48A-4250-BD21-824031393DCD}
	EndGlobalSection
EndGlobal
